# THIS IS AN AUTOGENERATED FILE. DO NOT EDIT THIS FILE DIRECTLY.
# yarn lockfile v1


"axios@^0.19.0":
  "integrity" "sha512-1uvKqKQta3KBxIz14F2v06AEHZ/dIoeKfbTRkK1E5oqjDnuEerLmYTgJB5AiQZHJcljpg1TuRzdjDR06qNk0DQ=="
  "resolved" "https://registry.npmjs.org/axios/-/axios-0.19.0.tgz"
  "version" "0.19.0"
  dependencies:
    "follow-redirects" "1.5.10"
    "is-buffer" "^2.0.2"

"bluebird@^3.5.5":
  "integrity" "sha512-5am6HnnfN+urzt4yfg7IgTbotDjIT/u8AJpEt0sIU9FtXfVeezXAPKswrG+xKUCOYAINpSdgZVDU6QFh+cuH3w=="
  "resolved" "https://registry.npmjs.org/bluebird/-/bluebird-3.5.5.tgz"
  "version" "3.5.5"

"chainsaw@>=0.0.7 <0.1":
  "integrity" "sha1-EaBRAtHEx4W20EFdM21aOhYSkT4="
  "resolved" "https://registry.npmjs.org/chainsaw/-/chainsaw-0.0.9.tgz"
  "version" "0.0.9"
  dependencies:
    "traverse" ">=0.3.0 <0.4"

"debug@^2.2.0":
  "integrity" "sha512-bC7ElrdJaJnPbAP+1EotYvqZsb3ecl5wi6Bfi6BJTUcNowp6cvspg0jXznRTKDjm/E7AdgFBVeAPVMNcKGsHMA=="
  "resolved" "https://registry.npmjs.org/debug/-/debug-2.6.9.tgz"
  "version" "2.6.9"
  dependencies:
    "ms" "2.0.0"

"debug@^4.0.1":
  "integrity" "sha512-pYAIzeRo8J6KPEaJ0VWOh5Pzkbw/RetuzehGM7QRRX5he4fPHx2rdKMB256ehJCkX+XRQm16eZLqLNS8RSZXZw=="
  "resolved" "https://registry.npmjs.org/debug/-/debug-4.1.1.tgz"
  "version" "4.1.1"
  dependencies:
    "ms" "^2.1.1"

"debug@=3.1.0":
  "integrity" "sha512-OX8XqP7/1a9cqkxYw2yXss15f26NKWBpDXQd0/uK/KPqdQhxbPa994hnzjcE2VqQpDslf55723cKPUOGSmMY3g=="
  "resolved" "https://registry.npmjs.org/debug/-/debug-3.1.0.tgz"
  "version" "3.1.0"
  dependencies:
    "ms" "2.0.0"

"dotenv@^2.0.0":
  "integrity" "sha1-vXWcNXqqcDZeAclrewvsCKbg2Uk="
  "resolved" "https://registry.npmjs.org/dotenv/-/dotenv-2.0.0.tgz"
  "version" "2.0.0"

"follow-redirects@1.5.10":
  "integrity" "sha512-0V5l4Cizzvqt5D44aTXbFZz+FtyXV1vrDN6qrelxtfYQKW0KO0W2T/hkE8xvGa/540LkZlkaUjO4ailYTFtHVQ=="
  "resolved" "https://registry.npmjs.org/follow-redirects/-/follow-redirects-1.5.10.tgz"
  "version" "1.5.10"
  dependencies:
    "debug" "=3.1.0"

"github-api@^3.2.2":
  "integrity" "sha512-ysvdizimopV3OPiK3hQU4BwpnFcRxtRikkvGP6tSw/KkZZ5rzl82hm9QphWfaaDJRdEcqMb87533E2eSv1g54w=="
  "resolved" "https://registry.npmjs.org/github-api/-/github-api-3.2.2.tgz"
  "version" "3.2.2"
  dependencies:
    "axios" "^0.19.0"
    "debug" "^2.2.0"
    "js-base64" "^2.1.9"
    "utf8" "^2.1.1"

"hashish@>=0.0.2 <0.1":
  "integrity" "sha1-bWC8b/r3Ebav1g5CbQd5iAFOZVQ="
  "resolved" "https://registry.npmjs.org/hashish/-/hashish-0.0.4.tgz"
  "version" "0.0.4"
  dependencies:
    "traverse" ">=0.2.4"

"is-buffer@^2.0.2":
  "integrity" "sha512-U15Q7MXTuZlrbymiz95PJpZxu8IlipAp4dtS3wOdgPXx3mqBnslrWU14kxfHB+Py/+2PVKSr37dMAgM2A4uArw=="
  "resolved" "https://registry.npmjs.org/is-buffer/-/is-buffer-2.0.3.tgz"
  "version" "2.0.3"

"js-base64@^2.1.9":
  "integrity" "sha512-M7kLczedRMYX4L8Mdh4MzyAMM9O5osx+4FcOQuTvr3A9F2D9S5JXheN0ewNbrvK2UatkTRhL5ejGmGSjNMiZuw=="
  "resolved" "https://registry.npmjs.org/js-base64/-/js-base64-2.5.1.tgz"
  "version" "2.5.1"

"lodash@^4.17.19":
  "integrity" "sha512-JNvd8XER9GQX0v2qJgsaN/mzFCNA5BRe/j8JN9d+tWyGLSodKQHKFicdwNYzWwI3wjRnaKPsGj1XkBjx/F96DQ=="
  "resolved" "https://registry.npmjs.org/lodash/-/lodash-4.17.19.tgz"
  "version" "4.17.19"

"ms@^2.1.1":
  "integrity" "sha512-sGkPx+VjMtmA6MX27oA4FBFELFCZZ4S4XqeGOXCv68tT+jb3vk/RyaKWP0PTKyWtmLSM0b+adUTEvbs1PEaH2w=="
  "resolved" "https://registry.npmjs.org/ms/-/ms-2.1.2.tgz"
  "version" "2.1.2"

"ms@2.0.0":
  "integrity" "sha1-VgiurfwAvmwpAd9fmGF4jeDVl8g="
  "resolved" "https://registry.npmjs.org/ms/-/ms-2.0.0.tgz"
  "version" "2.0.0"

"node-fetch@^2.6.0":
  "integrity" "sha512-8dG4H5ujfvFiqDmVu9fQ5bOHUC15JMjMY/Zumv26oOvvVJjM67KF8koCWIabKQ1GJIa9r2mMZscBq/TbdOcmNA=="
  "resolved" "https://registry.npmjs.org/node-fetch/-/node-fetch-2.6.0.tgz"
  "version" "2.6.0"

"remove@^0.1.5":
  "integrity" "sha1-CV/9gn1lyfQa2X0z5BanWBEHmVU="
  "resolved" "https://registry.npmjs.org/remove/-/remove-0.1.5.tgz"
  "version" "0.1.5"
  dependencies:
    "seq" ">= 0.3.5"

"seq@>= 0.3.5":
  "integrity" "sha1-rgKvOkJHk9jMvyEtaRdODFTf/jg="
  "resolved" "https://registry.npmjs.org/seq/-/seq-0.3.5.tgz"
  "version" "0.3.5"
  dependencies:
    "chainsaw" ">=0.0.7 <0.1"
    "hashish" ">=0.0.2 <0.1"

"simple-git@^1.122.0":
  "integrity" "sha512-plTwhnkIHrw2TFMJbJH/mKwWGgFbj03V9wcfBKa4FsuvgJbpwdlSJnlvkIQWDV1CVLaf2Gl6zSNeRRnxBRhX1g=="
  "resolved" "https://registry.npmjs.org/simple-git/-/simple-git-1.122.0.tgz"
  "version" "1.122.0"
  dependencies:
    "debug" "^4.0.1"

"traverse@>=0.2.4", "traverse@>=0.3.0 <0.4":
  "integrity" "sha1-cXuPIgzAu3tE5AUUwisui7xw2Lk="
  "resolved" "https://registry.npmjs.org/traverse/-/traverse-0.3.9.tgz"
  "version" "0.3.9"

"utf8@^2.1.1":
  "integrity" "sha1-H6DZJw6b6FDZsFAn9jUZv0ZFfZY="
  "resolved" "https://registry.npmjs.org/utf8/-/utf8-2.1.2.tgz"
  "version" "2.1.2"
